
Microsoft Visual Studio Solution File, Format Version 12.00
# Visual Studio Version 16
VisualStudioVersion = 16.0.31205.134
MinimumVisualStudioVersion = 10.0.40219.1
Project("{FAE04EC0-301F-11D3-BF4B-00C04F79EFBC}") = "fukuv0609", "fukuv0609\fukuv0609.csproj", "{51AAFB9B-DC0E-496F-90A2-DABC98559B2F}"
EndProject
Global
	GlobalSection(SolutionConfigurationPlatforms) = preSolution
		Debug|Any CPU = Debug|Any CPU
		Release|Any CPU = Release|Any CPU
	EndGlobalSection
	GlobalSection(ProjectConfigurationPlatforms) = postSolution
		{51AAFB9B-DC0E-496F-90A2-DABC98559B2F}.Debug|Any CPU.ActiveCfg = Debug|Any CPU
		{51AAFB9B-DC0E-496F-90A2-DABC98559B2F}.Debug|Any CPU.Build.0 = Debug|Any CPU
		{51AAFB9B-DC0E-496F-90A2-DABC98559B2F}.Release|Any CPU.ActiveCfg = Release|Any CPU
		{51AAFB9B-DC0E-496F-90A2-DABC98559B2F}.Release|Any CPU.Build.0 = Release|Any CPU
	EndGlobalSection
	GlobalSection(SolutionProperties) = preSolution
		HideSolutionNode = FALSE
	EndGlobalSection
	GlobalSection(ExtensibilityGlobals) = postSolution
		SolutionGuid = {C22FDD43-B98B-4B71-A0D8-67656B6D89EF}
	EndGlobalSection
EndGlobal
